
Microsoft Visual Studio Solution File, Format Version 12.00
# Visual Studio Version 16
VisualStudioVersion = 16.0.31025.194
MinimumVisualStudioVersion = 10.0.40219.1
Project("{2150E333-8FDC-42A3-9474-1A3956D46DE8}") = "Services", "Services", "{CFFED5F5-FA16-432F-AC59-B9E734E0362A}"
EndProject
Project("{2150E333-8FDC-42A3-9474-1A3956D46DE8}") = "Catalog", "Catalog", "{B5BDB97B-A54F-4E18-B1D7-308408D2F659}"
EndProject
Project("{9A19103F-16F7-4668-BE54-9A1E7A4F7556}") = "Catalog.API", "Services\Catalog\Catalog.API\Catalog.API.csproj", "{1E0D5909-30B0-4BD6-94FE-5EB096884DDF}"
EndProject
Project("{E53339B2-1760-4266-BCC7-CA923CBCF16C}") = "docker-compose", "docker-compose.dcproj", "{EC9898E4-2D6F-415D-84BA-E1503F761437}"
EndProject
Project("{2150E333-8FDC-42A3-9474-1A3956D46DE8}") = "Basket", "Basket", "{D4BF3E01-2BC4-44C0-8C8D-6B1E1B971195}"
EndProject
Project("{9A19103F-16F7-4668-BE54-9A1E7A4F7556}") = "Basket.API", "Services\Basket\Basket.API\Basket.API.csproj", "{437E89B6-1FA8-452B-BCD2-7CD0402785BD}"
EndProject
Project("{2150E333-8FDC-42A3-9474-1A3956D46DE8}") = "Discount", "Discount", "{1E25AE92-FC70-463F-9F24-8067BB81B6F3}"
EndProject
Project("{9A19103F-16F7-4668-BE54-9A1E7A4F7556}") = "Discount.API", "Services\Discount\Discount.API\Discount.API.csproj", "{2653479C-CE72-423A-A71B-721C0DD093EF}"
EndProject
Project("{FAE04EC0-301F-11D3-BF4B-00C04F79EFBC}") = "Discount.Grpc", "Services\Discount\Discount.Grpc\Discount.Grpc.csproj", "{C54DF9EC-6E12-4650-9C96-3EE00BFAEF27}"
EndProject
Global
	GlobalSection(SolutionConfigurationPlatforms) = preSolution
		Debug|Any CPU = Debug|Any CPU
		Release|Any CPU = Release|Any CPU
	EndGlobalSection
	GlobalSection(ProjectConfigurationPlatforms) = postSolution
		{1E0D5909-30B0-4BD6-94FE-5EB096884DDF}.Debug|Any CPU.ActiveCfg = Debug|Any CPU
		{1E0D5909-30B0-4BD6-94FE-5EB096884DDF}.Debug|Any CPU.Build.0 = Debug|Any CPU
		{1E0D5909-30B0-4BD6-94FE-5EB096884DDF}.Release|Any CPU.ActiveCfg = Release|Any CPU
		{1E0D5909-30B0-4BD6-94FE-5EB096884DDF}.Release|Any CPU.Build.0 = Release|Any CPU
		{EC9898E4-2D6F-415D-84BA-E1503F761437}.Debug|Any CPU.ActiveCfg = Debug|Any CPU
		{EC9898E4-2D6F-415D-84BA-E1503F761437}.Debug|Any CPU.Build.0 = Debug|Any CPU
		{EC9898E4-2D6F-415D-84BA-E1503F761437}.Release|Any CPU.ActiveCfg = Release|Any CPU
		{EC9898E4-2D6F-415D-84BA-E1503F761437}.Release|Any CPU.Build.0 = Release|Any CPU
		{437E89B6-1FA8-452B-BCD2-7CD0402785BD}.Debug|Any CPU.ActiveCfg = Debug|Any CPU
		{437E89B6-1FA8-452B-BCD2-7CD0402785BD}.Debug|Any CPU.Build.0 = Debug|Any CPU
		{437E89B6-1FA8-452B-BCD2-7CD0402785BD}.Release|Any CPU.ActiveCfg = Release|Any CPU
		{437E89B6-1FA8-452B-BCD2-7CD0402785BD}.Release|Any CPU.Build.0 = Release|Any CPU
		{2653479C-CE72-423A-A71B-721C0DD093EF}.Debug|Any CPU.ActiveCfg = Debug|Any CPU
		{2653479C-CE72-423A-A71B-721C0DD093EF}.Debug|Any CPU.Build.0 = Debug|Any CPU
		{2653479C-CE72-423A-A71B-721C0DD093EF}.Release|Any CPU.ActiveCfg = Release|Any CPU
		{2653479C-CE72-423A-A71B-721C0DD093EF}.Release|Any CPU.Build.0 = Release|Any CPU
		{C54DF9EC-6E12-4650-9C96-3EE00BFAEF27}.Debug|Any CPU.ActiveCfg = Debug|Any CPU
		{C54DF9EC-6E12-4650-9C96-3EE00BFAEF27}.Debug|Any CPU.Build.0 = Debug|Any CPU
		{C54DF9EC-6E12-4650-9C96-3EE00BFAEF27}.Release|Any CPU.ActiveCfg = Release|Any CPU
		{C54DF9EC-6E12-4650-9C96-3EE00BFAEF27}.Release|Any CPU.Build.0 = Release|Any CPU
	EndGlobalSection
	GlobalSection(SolutionProperties) = preSolution
		HideSolutionNode = FALSE
	EndGlobalSection
	GlobalSection(NestedProjects) = preSolution
		{B5BDB97B-A54F-4E18-B1D7-308408D2F659} = {CFFED5F5-FA16-432F-AC59-B9E734E0362A}
		{1E0D5909-30B0-4BD6-94FE-5EB096884DDF} = {B5BDB97B-A54F-4E18-B1D7-308408D2F659}
		{D4BF3E01-2BC4-44C0-8C8D-6B1E1B971195} = {CFFED5F5-FA16-432F-AC59-B9E734E0362A}
		{437E89B6-1FA8-452B-BCD2-7CD0402785BD} = {D4BF3E01-2BC4-44C0-8C8D-6B1E1B971195}
		{1E25AE92-FC70-463F-9F24-8067BB81B6F3} = {CFFED5F5-FA16-432F-AC59-B9E734E0362A}
		{2653479C-CE72-423A-A71B-721C0DD093EF} = {1E25AE92-FC70-463F-9F24-8067BB81B6F3}
		{C54DF9EC-6E12-4650-9C96-3EE00BFAEF27} = {1E25AE92-FC70-463F-9F24-8067BB81B6F3}
	EndGlobalSection
	GlobalSection(ExtensibilityGlobals) = postSolution
		SolutionGuid = {D18400D8-9507-45BE-930D-737D117399C5}
	EndGlobalSection
EndGlobal
