
Microsoft Visual Studio Solution File, Format Version 12.00
# Visual Studio Version 16
VisualStudioVersion = 16.0.31025.194
MinimumVisualStudioVersion = 10.0.40219.1
Project("{2150E333-8FDC-42A3-9474-1A3956D46DE8}") = "Services", "Services", "{CFFED5F5-FA16-432F-AC59-B9E734E0362A}"
EndProject
Project("{2150E333-8FDC-42A3-9474-1A3956D46DE8}") = "Catalog", "Catalog", "{B5BDB97B-A54F-4E18-B1D7-308408D2F659}"
EndProject
Project("{9A19103F-16F7-4668-BE54-9A1E7A4F7556}") = "Catalog.API", "Services\Catalog\Catalog.API\Catalog.API.csproj", "{1E0D5909-30B0-4BD6-94FE-5EB096884DDF}"
EndProject
Project("{E53339B2-1760-4266-BCC7-CA923CBCF16C}") = "docker-compose", "docker-compose.dcproj", "{EC9898E4-2D6F-415D-84BA-E1503F761437}"
EndProject
Project("{2150E333-8FDC-42A3-9474-1A3956D46DE8}") = "Basket", "Basket", "{D4BF3E01-2BC4-44C0-8C8D-6B1E1B971195}"
EndProject
Project("{9A19103F-16F7-4668-BE54-9A1E7A4F7556}") = "Basket.API", "Services\Basket\Basket.API\Basket.API.csproj", "{437E89B6-1FA8-452B-BCD2-7CD0402785BD}"
EndProject
Project("{2150E333-8FDC-42A3-9474-1A3956D46DE8}") = "Discount", "Discount", "{1E25AE92-FC70-463F-9F24-8067BB81B6F3}"
EndProject
Project("{9A19103F-16F7-4668-BE54-9A1E7A4F7556}") = "Discount.API", "Services\Discount\Discount.API\Discount.API.csproj", "{2653479C-CE72-423A-A71B-721C0DD093EF}"
EndProject
Project("{9A19103F-16F7-4668-BE54-9A1E7A4F7556}") = "Discount.Grpc", "Services\Discount\Discount.Grpc\Discount.Grpc.csproj", "{C54DF9EC-6E12-4650-9C96-3EE00BFAEF27}"
EndProject
Project("{2150E333-8FDC-42A3-9474-1A3956D46DE8}") = "Ordering", "Ordering", "{0E0622DF-4D0B-4F1D-8E02-4CB2361640BD}"
EndProject
Project("{9A19103F-16F7-4668-BE54-9A1E7A4F7556}") = "Ordering.API", "Services\Ordering\Ordering.API\Ordering.API.csproj", "{E380861B-ED82-4728-B500-C2CBDD85533E}"
EndProject
Project("{9A19103F-16F7-4668-BE54-9A1E7A4F7556}") = "Ordering.Domain", "services\Ordering\Ordering.Domain\Ordering.Domain.csproj", "{7E9F5BEB-4357-4B5F-A9B6-3D81F08D9E03}"
EndProject
Project("{9A19103F-16F7-4668-BE54-9A1E7A4F7556}") = "Ordering.Application", "Services\Ordering\Ordering.Application\Ordering.Application.csproj", "{56A97859-7F23-463D-ACCA-C73D93EA4404}"
EndProject
Project("{9A19103F-16F7-4668-BE54-9A1E7A4F7556}") = "Ordering.Infrastructure", "Services\Ordering\Ordering.Infrastructure\Ordering.Infrastructure.csproj", "{8D7DD02B-18C3-4047-8266-76C3FBE7D792}"
EndProject
Project("{2150E333-8FDC-42A3-9474-1A3956D46DE8}") = "BuildingBlocks", "BuildingBlocks", "{006BFD62-DFDC-498A-B7DE-F7014FF8717F}"
EndProject
Project("{9A19103F-16F7-4668-BE54-9A1E7A4F7556}") = "EventBus.Messages", "BuildingBlocks\EventBus.Messages\EventBus.Messages.csproj", "{4604E69D-B42B-4D2C-A7E2-CAAC53200C3B}"
EndProject
Project("{2150E333-8FDC-42A3-9474-1A3956D46DE8}") = "ApiGateways", "ApiGateways", "{69847AE3-D38A-43CC-88A6-4B3E930286A8}"
EndProject
Project("{9A19103F-16F7-4668-BE54-9A1E7A4F7556}") = "OcelotApiGw", "ApiGateways\OcelotApiGW\OcelotApiGw.csproj", "{0AC12FAD-E706-400F-9025-04CB995F1F43}"
EndProject
Project("{9A19103F-16F7-4668-BE54-9A1E7A4F7556}") = "Shopping.Aggregator", "ApiGateways\Shopping.Aggregator\Shopping.Aggregator.csproj", "{DB69CFA6-C47C-4614-8723-D07B9C58F78A}"
EndProject
Project("{2150E333-8FDC-42A3-9474-1A3956D46DE8}") = "WebApps", "WebApps", "{C3D3A871-6EF5-4BAE-B64B-B656CAB2660D}"
EndProject
Project("{9A19103F-16F7-4668-BE54-9A1E7A4F7556}") = "AspnetRunBasics", "WebApps\AspnetRunBasics\AspnetRunBasics.csproj", "{FD714090-D202-4F47-95FB-70339817FF4D}"
EndProject
Global
	GlobalSection(SolutionConfigurationPlatforms) = preSolution
		Debug|Any CPU = Debug|Any CPU
		Release|Any CPU = Release|Any CPU
	EndGlobalSection
	GlobalSection(ProjectConfigurationPlatforms) = postSolution
		{1E0D5909-30B0-4BD6-94FE-5EB096884DDF}.Debug|Any CPU.ActiveCfg = Debug|Any CPU
		{1E0D5909-30B0-4BD6-94FE-5EB096884DDF}.Debug|Any CPU.Build.0 = Debug|Any CPU
		{1E0D5909-30B0-4BD6-94FE-5EB096884DDF}.Release|Any CPU.ActiveCfg = Release|Any CPU
		{1E0D5909-30B0-4BD6-94FE-5EB096884DDF}.Release|Any CPU.Build.0 = Release|Any CPU
		{EC9898E4-2D6F-415D-84BA-E1503F761437}.Debug|Any CPU.ActiveCfg = Debug|Any CPU
		{EC9898E4-2D6F-415D-84BA-E1503F761437}.Debug|Any CPU.Build.0 = Debug|Any CPU
		{EC9898E4-2D6F-415D-84BA-E1503F761437}.Release|Any CPU.ActiveCfg = Release|Any CPU
		{EC9898E4-2D6F-415D-84BA-E1503F761437}.Release|Any CPU.Build.0 = Release|Any CPU
		{437E89B6-1FA8-452B-BCD2-7CD0402785BD}.Debug|Any CPU.ActiveCfg = Debug|Any CPU
		{437E89B6-1FA8-452B-BCD2-7CD0402785BD}.Debug|Any CPU.Build.0 = Debug|Any CPU
		{437E89B6-1FA8-452B-BCD2-7CD0402785BD}.Release|Any CPU.ActiveCfg = Release|Any CPU
		{437E89B6-1FA8-452B-BCD2-7CD0402785BD}.Release|Any CPU.Build.0 = Release|Any CPU
		{2653479C-CE72-423A-A71B-721C0DD093EF}.Debug|Any CPU.ActiveCfg = Debug|Any CPU
		{2653479C-CE72-423A-A71B-721C0DD093EF}.Debug|Any CPU.Build.0 = Debug|Any CPU
		{2653479C-CE72-423A-A71B-721C0DD093EF}.Release|Any CPU.ActiveCfg = Release|Any CPU
		{2653479C-CE72-423A-A71B-721C0DD093EF}.Release|Any CPU.Build.0 = Release|Any CPU
		{C54DF9EC-6E12-4650-9C96-3EE00BFAEF27}.Debug|Any CPU.ActiveCfg = Debug|Any CPU
		{C54DF9EC-6E12-4650-9C96-3EE00BFAEF27}.Debug|Any CPU.Build.0 = Debug|Any CPU
		{C54DF9EC-6E12-4650-9C96-3EE00BFAEF27}.Release|Any CPU.ActiveCfg = Release|Any CPU
		{C54DF9EC-6E12-4650-9C96-3EE00BFAEF27}.Release|Any CPU.Build.0 = Release|Any CPU
		{E380861B-ED82-4728-B500-C2CBDD85533E}.Debug|Any CPU.ActiveCfg = Debug|Any CPU
		{E380861B-ED82-4728-B500-C2CBDD85533E}.Debug|Any CPU.Build.0 = Debug|Any CPU
		{E380861B-ED82-4728-B500-C2CBDD85533E}.Release|Any CPU.ActiveCfg = Release|Any CPU
		{E380861B-ED82-4728-B500-C2CBDD85533E}.Release|Any CPU.Build.0 = Release|Any CPU
		{7E9F5BEB-4357-4B5F-A9B6-3D81F08D9E03}.Debug|Any CPU.ActiveCfg = Debug|Any CPU
		{7E9F5BEB-4357-4B5F-A9B6-3D81F08D9E03}.Debug|Any CPU.Build.0 = Debug|Any CPU
		{7E9F5BEB-4357-4B5F-A9B6-3D81F08D9E03}.Release|Any CPU.ActiveCfg = Release|Any CPU
		{7E9F5BEB-4357-4B5F-A9B6-3D81F08D9E03}.Release|Any CPU.Build.0 = Release|Any CPU
		{56A97859-7F23-463D-ACCA-C73D93EA4404}.Debug|Any CPU.ActiveCfg = Debug|Any CPU
		{56A97859-7F23-463D-ACCA-C73D93EA4404}.Debug|Any CPU.Build.0 = Debug|Any CPU
		{56A97859-7F23-463D-ACCA-C73D93EA4404}.Release|Any CPU.ActiveCfg = Release|Any CPU
		{56A97859-7F23-463D-ACCA-C73D93EA4404}.Release|Any CPU.Build.0 = Release|Any CPU
		{8D7DD02B-18C3-4047-8266-76C3FBE7D792}.Debug|Any CPU.ActiveCfg = Debug|Any CPU
		{8D7DD02B-18C3-4047-8266-76C3FBE7D792}.Debug|Any CPU.Build.0 = Debug|Any CPU
		{8D7DD02B-18C3-4047-8266-76C3FBE7D792}.Release|Any CPU.ActiveCfg = Release|Any CPU
		{8D7DD02B-18C3-4047-8266-76C3FBE7D792}.Release|Any CPU.Build.0 = Release|Any CPU
		{4604E69D-B42B-4D2C-A7E2-CAAC53200C3B}.Debug|Any CPU.ActiveCfg = Debug|Any CPU
		{4604E69D-B42B-4D2C-A7E2-CAAC53200C3B}.Debug|Any CPU.Build.0 = Debug|Any CPU
		{4604E69D-B42B-4D2C-A7E2-CAAC53200C3B}.Release|Any CPU.ActiveCfg = Release|Any CPU
		{4604E69D-B42B-4D2C-A7E2-CAAC53200C3B}.Release|Any CPU.Build.0 = Release|Any CPU
		{0AC12FAD-E706-400F-9025-04CB995F1F43}.Debug|Any CPU.ActiveCfg = Debug|Any CPU
		{0AC12FAD-E706-400F-9025-04CB995F1F43}.Debug|Any CPU.Build.0 = Debug|Any CPU
		{0AC12FAD-E706-400F-9025-04CB995F1F43}.Release|Any CPU.ActiveCfg = Release|Any CPU
		{0AC12FAD-E706-400F-9025-04CB995F1F43}.Release|Any CPU.Build.0 = Release|Any CPU
		{DB69CFA6-C47C-4614-8723-D07B9C58F78A}.Debug|Any CPU.ActiveCfg = Debug|Any CPU
		{DB69CFA6-C47C-4614-8723-D07B9C58F78A}.Debug|Any CPU.Build.0 = Debug|Any CPU
		{DB69CFA6-C47C-4614-8723-D07B9C58F78A}.Release|Any CPU.ActiveCfg = Release|Any CPU
		{DB69CFA6-C47C-4614-8723-D07B9C58F78A}.Release|Any CPU.Build.0 = Release|Any CPU
		{FD714090-D202-4F47-95FB-70339817FF4D}.Debug|Any CPU.ActiveCfg = Debug|Any CPU
		{FD714090-D202-4F47-95FB-70339817FF4D}.Debug|Any CPU.Build.0 = Debug|Any CPU
		{FD714090-D202-4F47-95FB-70339817FF4D}.Release|Any CPU.ActiveCfg = Release|Any CPU
		{FD714090-D202-4F47-95FB-70339817FF4D}.Release|Any CPU.Build.0 = Release|Any CPU
	EndGlobalSection
	GlobalSection(SolutionProperties) = preSolution
		HideSolutionNode = FALSE
	EndGlobalSection
	GlobalSection(NestedProjects) = preSolution
		{B5BDB97B-A54F-4E18-B1D7-308408D2F659} = {CFFED5F5-FA16-432F-AC59-B9E734E0362A}
		{1E0D5909-30B0-4BD6-94FE-5EB096884DDF} = {B5BDB97B-A54F-4E18-B1D7-308408D2F659}
		{D4BF3E01-2BC4-44C0-8C8D-6B1E1B971195} = {CFFED5F5-FA16-432F-AC59-B9E734E0362A}
		{437E89B6-1FA8-452B-BCD2-7CD0402785BD} = {D4BF3E01-2BC4-44C0-8C8D-6B1E1B971195}
		{1E25AE92-FC70-463F-9F24-8067BB81B6F3} = {CFFED5F5-FA16-432F-AC59-B9E734E0362A}
		{2653479C-CE72-423A-A71B-721C0DD093EF} = {1E25AE92-FC70-463F-9F24-8067BB81B6F3}
		{C54DF9EC-6E12-4650-9C96-3EE00BFAEF27} = {1E25AE92-FC70-463F-9F24-8067BB81B6F3}
		{0E0622DF-4D0B-4F1D-8E02-4CB2361640BD} = {CFFED5F5-FA16-432F-AC59-B9E734E0362A}
		{E380861B-ED82-4728-B500-C2CBDD85533E} = {0E0622DF-4D0B-4F1D-8E02-4CB2361640BD}
		{7E9F5BEB-4357-4B5F-A9B6-3D81F08D9E03} = {0E0622DF-4D0B-4F1D-8E02-4CB2361640BD}
		{56A97859-7F23-463D-ACCA-C73D93EA4404} = {0E0622DF-4D0B-4F1D-8E02-4CB2361640BD}
		{8D7DD02B-18C3-4047-8266-76C3FBE7D792} = {0E0622DF-4D0B-4F1D-8E02-4CB2361640BD}
		{4604E69D-B42B-4D2C-A7E2-CAAC53200C3B} = {006BFD62-DFDC-498A-B7DE-F7014FF8717F}
		{0AC12FAD-E706-400F-9025-04CB995F1F43} = {69847AE3-D38A-43CC-88A6-4B3E930286A8}
		{DB69CFA6-C47C-4614-8723-D07B9C58F78A} = {69847AE3-D38A-43CC-88A6-4B3E930286A8}
		{FD714090-D202-4F47-95FB-70339817FF4D} = {C3D3A871-6EF5-4BAE-B64B-B656CAB2660D}
	EndGlobalSection
	GlobalSection(ExtensibilityGlobals) = postSolution
		SolutionGuid = {D18400D8-9507-45BE-930D-737D117399C5}
	EndGlobalSection
EndGlobal
